
Microsoft Visual Studio Solution File, Format Version 12.00
# Visual Studio Version 17
VisualStudioVersion = 17.8.34316.72
MinimumVisualStudioVersion = 10.0.40219.1
Project("{9A19103F-16F7-4668-BE54-9A1E7A4F7556}") = "SDP_Decorators", "SDP_Decorators\SDP_Decorators.csproj", "{40817F84-4A86-419F-B480-35BB90CD02A6}"
EndProject
Project("{9A19103F-16F7-4668-BE54-9A1E7A4F7556}") = "CafeRioSimulator", "CafeRioSimulator\CafeRioSimulator.csproj", "{82016968-D26F-4D8F-8CAC-6BDE6B9846EC}"
EndProject
Project("{9A19103F-16F7-4668-BE54-9A1E7A4F7556}") = "BackpackBackpackBackpackBackpackYeah", "BackpackBackpackBackpackBackpackYeah\BackpackBackpackBackpackBackpackYeah.csproj", "{E3191B44-8049-499F-B60F-DA98D0C07E08}"
EndProject
Project("{9A19103F-16F7-4668-BE54-9A1E7A4F7556}") = "MoveMePlease", "MoveMePlease\MoveMePlease.csproj", "{99FA21C0-FF3D-4F00-8E5E-CEFDF8940401}"
EndProject
Project("{9A19103F-16F7-4668-BE54-9A1E7A4F7556}") = "FamilyTree", "FamilyTree\FamilyTree.csproj", "{5A0888B9-4257-4147-B1D8-A4046D2B9725}"
EndProject
Project("{9A19103F-16F7-4668-BE54-9A1E7A4F7556}") = "ConsoleTree", "ConsoleTree\ConsoleTree.csproj", "{F7D7E78A-FECE-4C19-A60D-A5B166FA72FE}"
EndProject
Project("{9A19103F-16F7-4668-BE54-9A1E7A4F7556}") = "PageBuilder", "PageBuilder\PageBuilder.csproj", "{5392F407-FDFE-4C69-B586-93AAE391C3E6}"
EndProject
Project("{FAE04EC0-301F-11D3-BF4B-00C04F79EFBC}") = "TrafficLight", "TrafficLight\TrafficLight.csproj", "{0D0D902C-40F6-4510-9CF6-78F73E818E62}"
EndProject
Global
	GlobalSection(SolutionConfigurationPlatforms) = preSolution
		Debug|Any CPU = Debug|Any CPU
		Release|Any CPU = Release|Any CPU
	EndGlobalSection
	GlobalSection(ProjectConfigurationPlatforms) = postSolution
		{40817F84-4A86-419F-B480-35BB90CD02A6}.Debug|Any CPU.ActiveCfg = Debug|Any CPU
		{40817F84-4A86-419F-B480-35BB90CD02A6}.Debug|Any CPU.Build.0 = Debug|Any CPU
		{40817F84-4A86-419F-B480-35BB90CD02A6}.Release|Any CPU.ActiveCfg = Release|Any CPU
		{40817F84-4A86-419F-B480-35BB90CD02A6}.Release|Any CPU.Build.0 = Release|Any CPU
		{82016968-D26F-4D8F-8CAC-6BDE6B9846EC}.Debug|Any CPU.ActiveCfg = Debug|Any CPU
		{82016968-D26F-4D8F-8CAC-6BDE6B9846EC}.Debug|Any CPU.Build.0 = Debug|Any CPU
		{82016968-D26F-4D8F-8CAC-6BDE6B9846EC}.Release|Any CPU.ActiveCfg = Release|Any CPU
		{82016968-D26F-4D8F-8CAC-6BDE6B9846EC}.Release|Any CPU.Build.0 = Release|Any CPU
		{E3191B44-8049-499F-B60F-DA98D0C07E08}.Debug|Any CPU.ActiveCfg = Debug|Any CPU
		{E3191B44-8049-499F-B60F-DA98D0C07E08}.Debug|Any CPU.Build.0 = Debug|Any CPU
		{E3191B44-8049-499F-B60F-DA98D0C07E08}.Release|Any CPU.ActiveCfg = Release|Any CPU
		{E3191B44-8049-499F-B60F-DA98D0C07E08}.Release|Any CPU.Build.0 = Release|Any CPU
		{99FA21C0-FF3D-4F00-8E5E-CEFDF8940401}.Debug|Any CPU.ActiveCfg = Debug|Any CPU
		{99FA21C0-FF3D-4F00-8E5E-CEFDF8940401}.Debug|Any CPU.Build.0 = Debug|Any CPU
		{99FA21C0-FF3D-4F00-8E5E-CEFDF8940401}.Release|Any CPU.ActiveCfg = Release|Any CPU
		{99FA21C0-FF3D-4F00-8E5E-CEFDF8940401}.Release|Any CPU.Build.0 = Release|Any CPU
		{5A0888B9-4257-4147-B1D8-A4046D2B9725}.Debug|Any CPU.ActiveCfg = Debug|Any CPU
		{5A0888B9-4257-4147-B1D8-A4046D2B9725}.Debug|Any CPU.Build.0 = Debug|Any CPU
		{5A0888B9-4257-4147-B1D8-A4046D2B9725}.Release|Any CPU.ActiveCfg = Release|Any CPU
		{5A0888B9-4257-4147-B1D8-A4046D2B9725}.Release|Any CPU.Build.0 = Release|Any CPU
		{F7D7E78A-FECE-4C19-A60D-A5B166FA72FE}.Debug|Any CPU.ActiveCfg = Debug|Any CPU
		{F7D7E78A-FECE-4C19-A60D-A5B166FA72FE}.Debug|Any CPU.Build.0 = Debug|Any CPU
		{F7D7E78A-FECE-4C19-A60D-A5B166FA72FE}.Release|Any CPU.ActiveCfg = Release|Any CPU
		{F7D7E78A-FECE-4C19-A60D-A5B166FA72FE}.Release|Any CPU.Build.0 = Release|Any CPU
		{5392F407-FDFE-4C69-B586-93AAE391C3E6}.Debug|Any CPU.ActiveCfg = Debug|Any CPU
		{5392F407-FDFE-4C69-B586-93AAE391C3E6}.Debug|Any CPU.Build.0 = Debug|Any CPU
		{5392F407-FDFE-4C69-B586-93AAE391C3E6}.Release|Any CPU.ActiveCfg = Release|Any CPU
		{5392F407-FDFE-4C69-B586-93AAE391C3E6}.Release|Any CPU.Build.0 = Release|Any CPU
		{0D0D902C-40F6-4510-9CF6-78F73E818E62}.Debug|Any CPU.ActiveCfg = Debug|Any CPU
		{0D0D902C-40F6-4510-9CF6-78F73E818E62}.Debug|Any CPU.Build.0 = Debug|Any CPU
		{0D0D902C-40F6-4510-9CF6-78F73E818E62}.Release|Any CPU.ActiveCfg = Release|Any CPU
		{0D0D902C-40F6-4510-9CF6-78F73E818E62}.Release|Any CPU.Build.0 = Release|Any CPU
	EndGlobalSection
	GlobalSection(SolutionProperties) = preSolution
		HideSolutionNode = FALSE
	EndGlobalSection
	GlobalSection(ExtensibilityGlobals) = postSolution
		SolutionGuid = {04C6D068-96A9-4BDC-8437-FAA2BE85EFA3}
	EndGlobalSection
EndGlobal
